PODS:
  - Alamofire (4.9.1)
  - Kingfisher (5.12.0):
    - Kingfisher/Core (= 5.12.0)
  - Kingfisher/Core (5.12.0)
  - Moya (13.0.1):
    - Moya/Core (= 13.0.1)
  - Moya/Core (13.0.1):
    - Alamofire (~> 4.1)
    - Result (~> 4.1)
  - Nimble (9.0.0)
  - Result (4.1.0)

DEPENDENCIES:
  - Kingfisher
  - Moya
  - Nimble

SPEC REPOS:
  trunk:
    - Alamofire
    - Kingfisher
    - Moya
    - Nimble
    - Result

SPEC CHECKSUMS:
  Alamofire: 85e8a02c69d6020a0d734f6054870d7ecb75cf18
  Kingfisher: dc6e0f53bb5b12c3e75bedb0e01bbd7a640eea69
  Moya: f4a4b80ff2f8a4ffc208dfb31cd91636622fee6e
  Nimble: 3b4ec3fd40f1dc178058e0981107721c615643d8
  Result: bd966fac789cc6c1563440b348ab2598cc24d5c7

PODFILE CHECKSUM: 9d863583d39f7abd50867944abe4510ce361d2a1

COCOAPODS: 1.10.1
